{
  "object": {
    "pins": [
      {
        "package": "Alamofire",
        "repositoryURL": "https://github.com/Alamofire/Alamofire.git",
        "state": {
          "branch": null,
          "revision": "2cbf59935fbb1f26e352ce4db53f1cf9408d5313",
          "version": "5.0.0-rc.3"
        }
      },
      {
        "package": "RTSearchBar",
        "repositoryURL": "https://github.com/ravitripathi/RTSearchBar",
        "state": {
          "branch": null,
          "revision": "f4932654718f08e1e5149f5babd2e55e16cad9d5",
          "version": "0.6.1"
        }
      }
    ]
  },
  "version": 1
}
